
Microsoft Visual Studio Solution File, Format Version 12.00
# Visual Studio Version 17
VisualStudioVersion = 17.6.33815.320
MinimumVisualStudioVersion = 10.0.40219.1
Project("{FAE04EC0-301F-11D3-BF4B-00C04F79EFBC}") = "test cache", "test cache\test cache.csproj", "{5AAA739B-DD8A-4356-A5FF-B58F7C51EE26}"
EndProject
Global
	GlobalSection(SolutionConfigurationPlatforms) = preSolution
		Debug|Any CPU = Debug|Any CPU
		Release|Any CPU = Release|Any CPU
	EndGlobalSection
	GlobalSection(ProjectConfigurationPlatforms) = postSolution
		{5AAA739B-DD8A-4356-A5FF-B58F7C51EE26}.Debug|Any CPU.ActiveCfg = Debug|Any CPU
		{5AAA739B-DD8A-4356-A5FF-B58F7C51EE26}.Debug|Any CPU.Build.0 = Debug|Any CPU
		{5AAA739B-DD8A-4356-A5FF-B58F7C51EE26}.Release|Any CPU.ActiveCfg = Release|Any CPU
		{5AAA739B-DD8A-4356-A5FF-B58F7C51EE26}.Release|Any CPU.Build.0 = Release|Any CPU
	EndGlobalSection
	GlobalSection(SolutionProperties) = preSolution
		HideSolutionNode = FALSE
	EndGlobalSection
	GlobalSection(ExtensibilityGlobals) = postSolution
		SolutionGuid = {150ED17B-8A7E-45B5-B9F2-E8C3A22E7DA5}
	EndGlobalSection
EndGlobal
